
Microsoft Visual Studio Solution File, Format Version 12.00
# Visual Studio Version 17
VisualStudioVersion = 17.9.34728.123
MinimumVisualStudioVersion = 10.0.40219.1
Project("{FAE04EC0-301F-11D3-BF4B-00C04F79EFBC}") = "AppClinicaMedica", "AppClinicaMedica\AppClinicaMedica.csproj", "{B831B613-1FF6-41BB-A78B-BEB4E36A25E1}"
EndProject
Project("{FAE04EC0-301F-11D3-BF4B-00C04F79EFBC}") = "dominio", "dominio\dominio.csproj", "{9CCD2067-3303-4D13-A52B-0C33B81DC220}"
EndProject
Project("{FAE04EC0-301F-11D3-BF4B-00C04F79EFBC}") = "negocio", "negocio\negocio.csproj", "{6057F199-944D-4D71-8A10-F5261A192B1C}"
EndProject
Global
	GlobalSection(SolutionConfigurationPlatforms) = preSolution
		Debug|Any CPU = Debug|Any CPU
		Release|Any CPU = Release|Any CPU
	EndGlobalSection
	GlobalSection(ProjectConfigurationPlatforms) = postSolution
		{B831B613-1FF6-41BB-A78B-BEB4E36A25E1}.Debug|Any CPU.ActiveCfg = Debug|Any CPU
		{B831B613-1FF6-41BB-A78B-BEB4E36A25E1}.Debug|Any CPU.Build.0 = Debug|Any CPU
		{B831B613-1FF6-41BB-A78B-BEB4E36A25E1}.Release|Any CPU.ActiveCfg = Release|Any CPU
		{B831B613-1FF6-41BB-A78B-BEB4E36A25E1}.Release|Any CPU.Build.0 = Release|Any CPU
		{9CCD2067-3303-4D13-A52B-0C33B81DC220}.Debug|Any CPU.ActiveCfg = Debug|Any CPU
		{9CCD2067-3303-4D13-A52B-0C33B81DC220}.Debug|Any CPU.Build.0 = Debug|Any CPU
		{9CCD2067-3303-4D13-A52B-0C33B81DC220}.Release|Any CPU.ActiveCfg = Release|Any CPU
		{9CCD2067-3303-4D13-A52B-0C33B81DC220}.Release|Any CPU.Build.0 = Release|Any CPU
		{6057F199-944D-4D71-8A10-F5261A192B1C}.Debug|Any CPU.ActiveCfg = Debug|Any CPU
		{6057F199-944D-4D71-8A10-F5261A192B1C}.Debug|Any CPU.Build.0 = Debug|Any CPU
		{6057F199-944D-4D71-8A10-F5261A192B1C}.Release|Any CPU.ActiveCfg = Release|Any CPU
		{6057F199-944D-4D71-8A10-F5261A192B1C}.Release|Any CPU.Build.0 = Release|Any CPU
	EndGlobalSection
	GlobalSection(SolutionProperties) = preSolution
		HideSolutionNode = FALSE
	EndGlobalSection
	GlobalSection(ExtensibilityGlobals) = postSolution
		SolutionGuid = {4E9DF0B7-9E2A-4528-98A8-CECD14B8B6F5}
	EndGlobalSection
EndGlobal
